
Microsoft Visual Studio Solution File, Format Version 12.00
# Visual Studio Version 16
VisualStudioVersion = 16.0.30523.141
MinimumVisualStudioVersion = 10.0.40219.1
Project("{FAE04EC0-301F-11D3-BF4B-00C04F79EFBC}") = "RoomViewer_PA", "WindowsFormsApp1\RoomViewer_PA.csproj", "{383096DE-BE24-4FDA-B4E3-9547B8579F51}"
EndProject
Global
	GlobalSection(SolutionConfigurationPlatforms) = preSolution
		Debug|Any CPU = Debug|Any CPU
		Release|Any CPU = Release|Any CPU
	EndGlobalSection
	GlobalSection(ProjectConfigurationPlatforms) = postSolution
		{383096DE-BE24-4FDA-B4E3-9547B8579F51}.Debug|Any CPU.ActiveCfg = Debug|Any CPU
		{383096DE-BE24-4FDA-B4E3-9547B8579F51}.Debug|Any CPU.Build.0 = Debug|Any CPU
		{383096DE-BE24-4FDA-B4E3-9547B8579F51}.Release|Any CPU.ActiveCfg = Release|Any CPU
		{383096DE-BE24-4FDA-B4E3-9547B8579F51}.Release|Any CPU.Build.0 = Release|Any CPU
	EndGlobalSection
	GlobalSection(SolutionProperties) = preSolution
		HideSolutionNode = FALSE
	EndGlobalSection
	GlobalSection(ExtensibilityGlobals) = postSolution
		SolutionGuid = {103FC404-99D9-4AFE-AF07-DA3863C47F2F}
	EndGlobalSection
EndGlobal
